
Microsoft Visual Studio Solution File, Format Version 12.00
# Visual Studio 2017
Project("{FAE04EC0-301F-11D3-BF4B-00C04F79EFBC}") = "Trespass", "Trespass.csproj", "{D338ED88-813E-72E1-BEA2-1C696A1D5AF1}"
EndProject
Project("{FAE04EC0-301F-11D3-BF4B-00C04F79EFBC}") = "Trespass.Editor", "Trespass.Editor.csproj", "{F62A647E-5DA5-3C0F-B367-523D782FFDD1}"
EndProject
Global
	GlobalSection(SolutionConfigurationPlatforms) = preSolution
		Debug|Any CPU = Debug|Any CPU
		Release|Any CPU = Release|Any CPU
	EndGlobalSection
	GlobalSection(ProjectConfigurationPlatforms) = postSolution
		{D338ED88-813E-72E1-BEA2-1C696A1D5AF1}.Debug|Any CPU.ActiveCfg = Debug|Any CPU
		{D338ED88-813E-72E1-BEA2-1C696A1D5AF1}.Debug|Any CPU.Build.0 = Debug|Any CPU
		{D338ED88-813E-72E1-BEA2-1C696A1D5AF1}.Release|Any CPU.ActiveCfg = Release|Any CPU
		{D338ED88-813E-72E1-BEA2-1C696A1D5AF1}.Release|Any CPU.Build.0 = Release|Any CPU
		{F62A647E-5DA5-3C0F-B367-523D782FFDD1}.Debug|Any CPU.ActiveCfg = Debug|Any CPU
		{F62A647E-5DA5-3C0F-B367-523D782FFDD1}.Debug|Any CPU.Build.0 = Debug|Any CPU
		{F62A647E-5DA5-3C0F-B367-523D782FFDD1}.Release|Any CPU.ActiveCfg = Release|Any CPU
		{F62A647E-5DA5-3C0F-B367-523D782FFDD1}.Release|Any CPU.Build.0 = Release|Any CPU
	EndGlobalSection
	GlobalSection(SolutionProperties) = preSolution
		HideSolutionNode = FALSE
	EndGlobalSection
EndGlobal
